
Microsoft Visual Studio Solution File, Format Version 12.00
# Visual Studio Version 17
VisualStudioVersion = 17.1.32210.238
MinimumVisualStudioVersion = 10.0.40219.1
Project("{9A19103F-16F7-4668-BE54-9A1E7A4F7556}") = "TM041", "TM041.csproj", "{26107814-F9DD-435C-8ADC-3F4C3F6F6E34}"
EndProject
Global
	GlobalSection(SolutionConfigurationPlatforms) = preSolution
		Debug|Any CPU = Debug|Any CPU
		Release|Any CPU = Release|Any CPU
	EndGlobalSection
	GlobalSection(ProjectConfigurationPlatforms) = postSolution
		{26107814-F9DD-435C-8ADC-3F4C3F6F6E34}.Debug|Any CPU.ActiveCfg = Debug|Any CPU
		{26107814-F9DD-435C-8ADC-3F4C3F6F6E34}.Debug|Any CPU.Build.0 = Debug|Any CPU
		{26107814-F9DD-435C-8ADC-3F4C3F6F6E34}.Release|Any CPU.ActiveCfg = Release|Any CPU
		{26107814-F9DD-435C-8ADC-3F4C3F6F6E34}.Release|Any CPU.Build.0 = Release|Any CPU
	EndGlobalSection
	GlobalSection(SolutionProperties) = preSolution
		HideSolutionNode = FALSE
	EndGlobalSection
	GlobalSection(ExtensibilityGlobals) = postSolution
		SolutionGuid = {8C52BB54-3520-4248-9BCE-EE0BE28F25F6}
	EndGlobalSection
EndGlobal
